
Microsoft Visual Studio Solution File, Format Version 12.00
# Visual Studio Version 16
VisualStudioVersion = 16.0.32510.428
MinimumVisualStudioVersion = 10.0.40219.1
Project("{8BC9CEB8-8B4A-11D0-8D11-00A0C91BC942}") = "CppSyntax", "CppSyntax\CppSyntax.vcxproj", "{F7F74600-D9D5-4126-8C6B-41FCE03D855C}"
EndProject
Global
	GlobalSection(SolutionConfigurationPlatforms) = preSolution
		Debug|x64 = Debug|x64
		Debug|x86 = Debug|x86
		Release|x64 = Release|x64
		Release|x86 = Release|x86
	EndGlobalSection
	GlobalSection(ProjectConfigurationPlatforms) = postSolution
		{F7F74600-D9D5-4126-8C6B-41FCE03D855C}.Debug|x64.ActiveCfg = Debug|x64
		{F7F74600-D9D5-4126-8C6B-41FCE03D855C}.Debug|x64.Build.0 = Debug|x64
		{F7F74600-D9D5-4126-8C6B-41FCE03D855C}.Debug|x86.ActiveCfg = Debug|Win32
		{F7F74600-D9D5-4126-8C6B-41FCE03D855C}.Debug|x86.Build.0 = Debug|Win32
		{F7F74600-D9D5-4126-8C6B-41FCE03D855C}.Release|x64.ActiveCfg = Release|x64
		{F7F74600-D9D5-4126-8C6B-41FCE03D855C}.Release|x64.Build.0 = Release|x64
		{F7F74600-D9D5-4126-8C6B-41FCE03D855C}.Release|x86.ActiveCfg = Release|Win32
		{F7F74600-D9D5-4126-8C6B-41FCE03D855C}.Release|x86.Build.0 = Release|Win32
	EndGlobalSection
	GlobalSection(SolutionProperties) = preSolution
		HideSolutionNode = FALSE
	EndGlobalSection
	GlobalSection(ExtensibilityGlobals) = postSolution
		SolutionGuid = {CE5A5A00-E438-49E2-9051-519BD6A4E9A8}
	EndGlobalSection
EndGlobal
